// !$*UTF8*$!
{
	archiveVersion = 1;
	classes = {
	};
	objectVersion = 46;
	objects = {

/* Begin PBXBuildFile section */
		6EB8F9691CB0229F000CF025 /* AppDelegate.swift in Sources */ = {isa = PBXBuildFile; fileRef = 6EB8F9681CB0229F000CF025 /* AppDelegate.swift */; };
		6EB8F96B1CB0229F000CF025 /* ViewController.swift in Sources */ = {isa = PBXBuildFile; fileRef = 6EB8F96A1CB0229F000CF025 /* ViewController.swift */; };
		6EB8F96E1CB0229F000CF025 /* Main.storyboard in Resources */ = {isa = PBXBuildFile; fileRef = 6EB8F96C1CB0229F000CF025 /* Main.storyboard */; };
		6EB8F9701CB0229F000CF025 /* Assets.xcassets in Resources */ = {isa = PBXBuildFile; fileRef = 6EB8F96F1CB0229F000CF025 /* Assets.xcassets */; };
		6EB8F9731CB0229F000CF025 /* LaunchScreen.storyboard in Resources */ = {isa = PBXBuildFile; fileRef = 6EB8F9711CB0229F000CF025 /* LaunchScreen.storyboard */; };
/* End PBXBuildFile section */

/* Begin PBXFileReference section */
		6EB8F9651CB0229F000CF025 /* HideNavigationBarShow.app */ = {isa = PBXFileReference; explicitFileType = wrapper.application; includeInIndex = 0; path = HideNavigationBarShow.app; sourceTree = BUILT_PRODUCTS_DIR; };
		6EB8F9681CB0229F000CF025 /* AppDelegate.swift */ = {isa = PBXFileReference; lastKnownFileType = sourcecode.swift; path = AppDelegate.swift; sourceTree = "<group>"; };
		6EB8F96A1CB0229F000CF025 /* ViewController.swift */ = {isa = PBXFileReference; lastKnownFileType = sourcecode.swift; path = ViewController.swift; sourceTree = "<group>"; };
		6EB8F96D1CB0229F000CF025 /* Base */ = {isa = PBXFileReference; lastKnownFileType = file.storyboard; name = Base; path = Base.lproj/Main.storyboard; sourceTree = "<group>"; };
		6EB8F96F1CB0229F000CF025 /* Assets.xcassets */ = {isa = PBXFileReference; lastKnownFileType = folder.assetcatalog; path = Assets.xcassets; sourceTree = "<group>"; };
		6EB8F9721CB0229F000CF025 /* Base */ = {isa = PBXFileReference; lastKnownFileType = file.storyboard; name = Base; path = Base.lproj/LaunchScreen.storyboard; sourceTree = "<group>"; };
		6EB8F9741CB0229F000CF025 /* Info.plist */ = {isa = PBXFileReference; lastKnownFileType = text.plist.xml; path = Info.plist; sourceTree = "<group>"; };
/* End PBXFileReference section */

/* Begin PBXFrameworksBuildPhase section */
		6EB8F9621CB0229F000CF025 /* Frameworks */ = {
			isa = PBXFrameworksBuildPhase;
			buildActionMask = 2147483647;
			files = (
			);
			runOnlyForDeploymentPostprocessing = 0;
		};
/* End PBXFrameworksBuildPhase section */

/* Begin PBXGroup section */
		6EB8F95C1CB0229F000CF025 = {
			isa = PBXGroup;
			children = (
				6EB8F9671CB0229F000CF025 /* HideNavigationBarShow */,
				6EB8F9661CB0229F000CF025 /* Products */,
			);
			sourceTree = "<group>";
		};
		6EB8F9661CB0229F000CF025 /* Products */ = {
			isa = PBXGroup;
			children = (
				6EB8F9651CB0229F000CF025 /* HideNavigationBarShow.app */,
			);
			name = Products;
			sourceTree = "<group>";
		};
		6EB8F9671CB0229F000CF025 /* HideNavigationBarShow */ = {
			isa = PBXGroup;
			children = (
				6EB8F9681CB0229F000CF025 /* AppDelegate.swift */,
				6EB8F96A1CB0229F000CF025 /* ViewController.swift */,
				6EB8F96C1CB0229F000CF025 /* Main.storyboard */,
				6EB8F96F1CB0229F000CF025 /* Assets.xcassets */,
				6EB8F9711CB0229F000CF025 /* LaunchScreen.storyboard */,
				6EB8F9741CB0229F000CF025 /* Info.plist */,
			);
			path = HideNavigationBarShow;
			sourceTree = "<group>";
		};
/* End PBXGroup section */

/* Begin PBXNativeTarget section */
		6EB8F9641CB0229F000CF025 /* HideNavigationBarShow */ = {
			isa = PBXNativeTarget;
			buildConfigurationList = 6EB8F9771CB0229F000CF025 /* Build configuration list for PBXNativeTarget "HideNavigationBarShow" */;
			buildPhases = (
				6EB8F9611CB0229F000CF025 /* Sources */,
				6EB8F9621CB0229F000CF025 /* Frameworks */,
				6EB8F9631CB0229F000CF025 /* Resources */,
			);
			buildRules = (
			);
			dependencies = (
			);
			name = HideNavigationBarShow;
			productName = HideNavigationBarShow;
			productReference = 6EB8F9651CB0229F000CF025 /* HideNavigationBarShow.app */;
			productType = "com.apple.product-type.application";
		};
/* End PBXNativeTarget section */

/* Begin PBXProject section */
		6EB8F95D1CB0229F000CF025 /* Project object */ = {
			isa = PBXProject;
			attributes = {
				LastSwiftUpdateCheck = 0730;
				LastUpgradeCheck = 0730;
				ORGANIZATIONNAME = RidgeCorn;
				TargetAttributes = {
					6EB8F9641CB0229F000CF025 = {
						CreatedOnToolsVersion = 7.3;
					};
				};
			};
			buildConfigurationList = 6EB8F9601CB0229F000CF025 /* Build configuration list for PBXProject "HideNavigationBarShow" */;
			compatibilityVersion = "Xcode 3.2";
			developmentRegion = English;
			hasScannedForEncodings = 0;
			knownRegions = (
				en,
				Base,
			);
			mainGroup = 6EB8F95C1CB0229F000CF025;
			productRefGroup = 6EB8F9661CB0229F000CF025 /* Products */;
			projectDirPath = "";
			projectRoot = "";
			targets = (
				6EB8F9641CB0229F000CF025 /* HideNavigationBarShow */,
			);
		};
/* End PBXProject section */

/* Begin PBXResourcesBuildPhase section */
		6EB8F9631CB0229F000CF025 /* Resources */ = {
			isa = PBXResourcesBuildPhase;
			buildActionMask = 2147483647;
			files = (
				6EB8F9731CB0229F000CF025 /* LaunchScreen.storyboard in Resources */,
				6EB8F9701CB0229F000CF025 /* Assets.xcassets in Resources */,
				6EB8F96E1CB0229F000CF025 /* Main.storyboard in Resources */,
			);
			runOnlyForDeploymentPostprocessing = 0;
		};
/* End PBXResourcesBuildPhase section */

/* Begin PBXSourcesBuildPhase section */
		6EB8F9611CB0229F000CF025 /* Sources */ = {
			isa = PBXSourcesBuildPhase;
			buildActionMask = 2147483647;
			files = (
				6EB8F96B1CB0229F000CF025 /* ViewController.swift in Sources */,
				6EB8F9691CB0229F000CF025 /* AppDelegate.swift in Sources */,
			);
			runOnlyForDeploymentPostprocessing = 0;
		};
/* End PBXSourcesBuildPhase section */

/* Begin PBXVariantGroup section */
		6EB8F96C1CB0229F000CF025 /* Main.storyboard */ = {
			isa = PBXVariantGroup;
			children = (
				6EB8F96D1CB0229F000CF025 /* Base */,
			);
			name = Main.storyboard;
			sourceTree = "<group>";
		};
		6EB8F9711CB0229F000CF025 /* LaunchScreen.storyboard */ = {
			isa = PBXVariantGroup;
			children = (
				6EB8F9721CB0229F000CF025 /* Base */,
			);
			name = LaunchScreen.storyboard;
			sourceTree = "<group>";
		};
/* End PBXVariantGroup section */

/* Begin XCBuildConfiguration section */
		6EB8F9751CB0229F000CF025 /* Debug */ = {
			isa = XCBuildConfiguration;
			buildSettings = {
				ALWAYS_SEARCH_USER_PATHS = NO;
				CLANG_ANALYZER_NONNULL = YES;
				CLANG_CXX_LANGUAGE_STANDARD = "gnu++0x";
				CLANG_CXX_LIBRARY = "libc++";
				CLANG_ENABLE_MODULES = YES;
				CLANG_ENABLE_OBJC_ARC = YES;
				CLANG_WARN_BOOL_CONVERSION = YES;
				CLANG_WARN_CONSTANT_CONVERSION = YES;
				CLANG_WARN_DIRECT_OBJC_ISA_USAGE = YES_ERROR;
				CLANG_WARN_EMPTY_BODY = YES;
				CLANG_WARN_ENUM_CONVERSION = YES;
				CLANG_WARN_INT_CONVERSION = YES;
				CLANG_WARN_OBJC_ROOT_CLASS = YES_ERROR;
				CLANG_WARN_UNREACHABLE_CODE = YES;
				CLANG_WARN__DUPLICATE_METHOD_MATCH = YES;
				"CODE_SIGN_IDENTITY[sdk=iphoneos*]" = "iPhone Developer";
				COPY_PHASE_STRIP = NO;
				DEBUG_INFORMATION_FORMAT = dwarf;
				ENABLE_STRICT_OBJC_MSGSEND = YES;
				ENABLE_TESTABILITY = YES;
				GCC_C_LANGUAGE_STANDARD = gnu99;
				GCC_DYNAMIC_NO_PIC = NO;
				GCC_NO_COMMON_BLOCKS = YES;
				GCC_OPTIMIZATION_LEVEL = 0;
				GCC_PREPROCESSOR_DEFINITIONS = (
					"DEBUG=1",
					"$(inherited)",
				);
				GCC_WARN_64_TO_32_BIT_CONVERSION = YES;
				GCC_WARN_ABOUT_RETURN_TYPE = YES_ERROR;
				GCC_WARN_UNDECLARED_SELECTOR = YES;
				GCC_WARN_UNINITIALIZED_AUTOS = YES_AGGRESSIVE;
				GCC_WARN_UNUSED_FUNCTION = YES;
				GCC_WARN_UNUSED_VARIABLE = YES;
				IPHONEOS_DEPLOYMENT_TARGET = 9.3;
				MTL_ENABLE_DEBUG_INFO = YES;
				ONLY_ACTIVE_ARCH = YES;
				SDKROOT = iphoneos;
				SWIFT_OPTIMIZATION_LEVEL = "-Onone";
				TARGETED_DEVICE_FAMILY = "1,2";
			};
			name = Debug;
		};
		6EB8F9761CB0229F000CF025 /* Release */ = {
			isa = XCBuildConfiguration;
			buildSettings = {
				ALWAYS_SEARCH_USER_PATHS = NO;
				CLANG_ANALYZER_NONNULL = YES;
				CLANG_CXX_LANGUAGE_STANDARD = "gnu++0x";
				CLANG_CXX_LIBRARY = "libc++";
				CLANG_ENABLE_MODULES = YES;
				CLANG_ENABLE_OBJC_ARC = YES;
				CLANG_WARN_BOOL_CONVERSION = YES;
				CLANG_WARN_CONSTANT_CONVERSION = YES;
				CLANG_WARN_DIRECT_OBJC_ISA_USAGE = YES_ERROR;
				CLANG_WARN_EMPTY_BODY = YES;
				CLANG_WARN_ENUM_CONVERSION = YES;
				CLANG_WARN_INT_CONVERSION = YES;
				CLANG_WARN_OBJC_ROOT_CLASS = YES_ERROR;
				CLANG_WARN_UNREACHABLE_CODE = YES;
				CLANG_WARN__DUPLICATE_METHOD_MATCH = YES;
				"CODE_SIGN_IDENTITY[sdk=iphoneos*]" = "iPhone Developer";
				COPY_PHASE_STRIP = NO;
				DEBUG_INFORMATION_FORMAT = "dwarf-with-dsym";
				ENABLE_NS_ASSERTIONS = NO;
				ENABLE_STRICT_OBJC_MSGSEND = YES;
				GCC_C_LANGUAGE_STANDARD = gnu99;
				GCC_NO_COMMON_BLOCKS = YES;
				GCC_WARN_64_TO_32_BIT_CONVERSION = YES;
				GCC_WARN_ABOUT_RETURN_TYPE = YES_ERROR;
				GCC_WARN_UNDECLARED_SELECTOR = YES;
				GCC_WARN_UNINITIALIZED_AUTOS = YES_AGGRESSIVE;
				GCC_WARN_UNUSED_FUNCTION = YES;
				GCC_WARN_UNUSED_VARIABLE = YES;
				IPHONEOS_DEPLOYMENT_TARGET = 9.3;
				MTL_ENABLE_DEBUG_INFO = NO;
				SDKROOT = iphoneos;
				TARGETED_DEVICE_FAMILY = "1,2";
				VALIDATE_PRODUCT = YES;
			};
			name = Release;
		};
		6EB8F9781CB0229F000CF025 /* Debug */ = {
			isa = XCBuildConfiguration;
			buildSettings = {
				ASSETCATALOG_COMPILER_APPICON_NAME = AppIcon;
				INFOPLIST_FILE = HideNavigationBarShow/Info.plist;
				LD_RUNPATH_SEARCH_PATHS = "$(inherited) @executable_path/Frameworks";
				PRODUCT_BUNDLE_IDENTIFIER = com.ridgecorn.HideNavigationBarShow;
				PRODUCT_NAME = "$(TARGET_NAME)";
			};
			name = Debug;
		};
		6EB8F9791CB0229F000CF025 /* Release */ = {
			isa = XCBuildConfiguration;
			buildSettings = {
				ASSETCATALOG_COMPILER_APPICON_NAME = AppIcon;
				INFOPLIST_FILE = HideNavigationBarShow/Info.plist;
				LD_RUNPATH_SEARCH_PATHS = "$(inherited) @executable_path/Frameworks";
				PRODUCT_BUNDLE_IDENTIFIER = com.ridgecorn.HideNavigationBarShow;
				PRODUCT_NAME = "$(TARGET_NAME)";
			};
			name = Release;
		};
/* End XCBuildConfiguration section */

/* Begin XCConfigurationList section */
		6EB8F9601CB0229F000CF025 /* Build configuration list for PBXProject "HideNavigationBarShow" */ = {
			isa = XCConfigurationList;
			buildConfigurations = (
				6EB8F9751CB0229F000CF025 /* Debug */,
				6EB8F9761CB0229F000CF025 /* Release */,
			);
			defaultConfigurationIsVisible = 0;
			defaultConfigurationName = Release;
		};
		6EB8F9771CB0229F000CF025 /* Build configuration list for PBXNativeTarget "HideNavigationBarShow" */ = {
			isa = XCConfigurationList;
			buildConfigurations = (
				6EB8F9781CB0229F000CF025 /* Debug */,
				6EB8F9791CB0229F000CF025 /* Release */,
			);
			defaultConfigurationIsVisible = 0;
		};
/* End XCConfigurationList section */
	};
	rootObject = 6EB8F95D1CB0229F000CF025 /* Project object */;
}
